// !$*UTF8*$!
{
	archiveVersion = 1;
	classes = {
	};
	objectVersion = 50;
	objects = {

/* Begin PBXBuildFile section */
		DC25420425C8B35B0059AF0B /* helloworldappApp.swift in Sources */ = {isa = PBXBuildFile; fileRef = DC25420325C8B35B0059AF0B /* helloworldappApp.swift */; };
		DC25420625C8B35B0059AF0B /* ContentView.swift in Sources */ = {isa = PBXBuildFile; fileRef = DC25420525C8B35B0059AF0B /* ContentView.swift */; };
		DC25420825C8B35D0059AF0B /* Assets.xcassets in Resources */ = {isa = PBXBuildFile; fileRef = DC25420725C8B35D0059AF0B /* Assets.xcassets */; };
		DC25420B25C8B35D0059AF0B /* Preview Assets.xcassets in Resources */ = {isa = PBXBuildFile; fileRef = DC25420A25C8B35D0059AF0B /* Preview Assets.xcassets */; };
		DC25421625C8B35D0059AF0B /* helloworldappTests.swift in Sources */ = {isa = PBXBuildFile; fileRef = DC25421525C8B35D0059AF0B /* helloworldappTests.swift */; };
		DC25422125C8B35D0059AF0B /* helloworldappUITests.swift in Sources */ = {isa = PBXBuildFile; fileRef = DC25422025C8B35D0059AF0B /* helloworldappUITests.swift */; };
/* End PBXBuildFile section */

/* Begin PBXContainerItemProxy section */
		DC25421225C8B35D0059AF0B /* PBXContainerItemProxy */ = {
			isa = PBXContainerItemProxy;
			containerPortal = DC2541F825C8B35B0059AF0B /* Project object */;
			proxyType = 1;
			remoteGlobalIDString = DC2541FF25C8B35B0059AF0B;
			remoteInfo = helloworldapp;
		};
		DC25421D25C8B35D0059AF0B /* PBXContainerItemProxy */ = {
			isa = PBXContainerItemProxy;
			containerPortal = DC2541F825C8B35B0059AF0B /* Project object */;
			proxyType = 1;
			remoteGlobalIDString = DC2541FF25C8B35B0059AF0B;
			remoteInfo = helloworldapp;
		};
/* End PBXContainerItemProxy section */

/* Begin PBXFileReference section */
		DC25420025C8B35B0059AF0B /* helloworldapp.app */ = {isa = PBXFileReference; explicitFileType = wrapper.application; includeInIndex = 0; path = helloworldapp.app; sourceTree = BUILT_PRODUCTS_DIR; };
		DC25420325C8B35B0059AF0B /* helloworldappApp.swift */ = {isa = PBXFileReference; lastKnownFileType = sourcecode.swift; path = helloworldappApp.swift; sourceTree = "<group>"; };
		DC25420525C8B35B0059AF0B /* ContentView.swift */ = {isa = PBXFileReference; lastKnownFileType = sourcecode.swift; path = ContentView.swift; sourceTree = "<group>"; };
		DC25420725C8B35D0059AF0B /* Assets.xcassets */ = {isa = PBXFileReference; lastKnownFileType = folder.assetcatalog; path = Assets.xcassets; sourceTree = "<group>"; };
		DC25420A25C8B35D0059AF0B /* Preview Assets.xcassets */ = {isa = PBXFileReference; lastKnownFileType = folder.assetcatalog; path = "Preview Assets.xcassets"; sourceTree = "<group>"; };
		DC25420C25C8B35D0059AF0B /* Info.plist */ = {isa = PBXFileReference; lastKnownFileType = text.plist.xml; path = Info.plist; sourceTree = "<group>"; };
		DC25421125C8B35D0059AF0B /* helloworldappTests.xctest */ = {isa = PBXFileReference; explicitFileType = wrapper.cfbundle; includeInIndex = 0; path = helloworldappTests.xctest; sourceTree = BUILT_PRODUCTS_DIR; };
		DC25421525C8B35D0059AF0B /* helloworldappTests.swift */ = {isa = PBXFileReference; lastKnownFileType = sourcecode.swift; path = helloworldappTests.swift; sourceTree = "<group>"; };
		DC25421725C8B35D0059AF0B /* Info.plist */ = {isa = PBXFileReference; lastKnownFileType = text.plist.xml; path = Info.plist; sourceTree = "<group>"; };
		DC25421C25C8B35D0059AF0B /* helloworldappUITests.xctest */ = {isa = PBXFileReference; explicitFileType = wrapper.cfbundle; includeInIndex = 0; path = helloworldappUITests.xctest; sourceTree = BUILT_PRODUCTS_DIR; };
		DC25422025C8B35D0059AF0B /* helloworldappUITests.swift */ = {isa = PBXFileReference; lastKnownFileType = sourcecode.swift; path = helloworldappUITests.swift; sourceTree = "<group>"; };
		DC25422225C8B35D0059AF0B /* Info.plist */ = {isa = PBXFileReference; lastKnownFileType = text.plist.xml; path = Info.plist; sourceTree = "<group>"; };
/* End PBXFileReference section */

/* Begin PBXFrameworksBuildPhase section */
		DC2541FD25C8B35B0059AF0B /* Frameworks */ = {
			isa = PBXFrameworksBuildPhase;
			buildActionMask = 2147483647;
			files = (
			);
			runOnlyForDeploymentPostprocessing = 0;
		};
		DC25420E25C8B35D0059AF0B /* Frameworks */ = {
			isa = PBXFrameworksBuildPhase;
			buildActionMask = 2147483647;
			files = (
			);
			runOnlyForDeploymentPostprocessing = 0;
		};
		DC25421925C8B35D0059AF0B /* Frameworks */ = {
			isa = PBXFrameworksBuildPhase;
			buildActionMask = 2147483647;
			files = (
			);
			runOnlyForDeploymentPostprocessing = 0;
		};
/* End PBXFrameworksBuildPhase section */

/* Begin PBXGroup section */
		DC2541F725C8B35B0059AF0B = {
			isa = PBXGroup;
			children = (
				DC25420225C8B35B0059AF0B /* helloworldapp */,
				DC25421425C8B35D0059AF0B /* helloworldappTests */,
				DC25421F25C8B35D0059AF0B /* helloworldappUITests */,
				DC25420125C8B35B0059AF0B /* Products */,
			);
			sourceTree = "<group>";
		};
		DC25420125C8B35B0059AF0B /* Products */ = {
			isa = PBXGroup;
			children = (
				DC25420025C8B35B0059AF0B /* helloworldapp.app */,
				DC25421125C8B35D0059AF0B /* helloworldappTests.xctest */,
				DC25421C25C8B35D0059AF0B /* helloworldappUITests.xctest */,
			);
			name = Products;
			sourceTree = "<group>";
		};
		DC25420225C8B35B0059AF0B /* helloworldapp */ = {
			isa = PBXGroup;
			children = (
				DC25420325C8B35B0059AF0B /* helloworldappApp.swift */,
				DC25420525C8B35B0059AF0B /* ContentView.swift */,
				DC25420725C8B35D0059AF0B /* Assets.xcassets */,
				DC25420C25C8B35D0059AF0B /* Info.plist */,
				DC25420925C8B35D0059AF0B /* Preview Content */,
			);
			path = helloworldapp;
			sourceTree = "<group>";
		};
		DC25420925C8B35D0059AF0B /* Preview Content */ = {
			isa = PBXGroup;
			children = (
				DC25420A25C8B35D0059AF0B /* Preview Assets.xcassets */,
			);
			path = "Preview Content";
			sourceTree = "<group>";
		};
		DC25421425C8B35D0059AF0B /* helloworldappTests */ = {
			isa = PBXGroup;
			children = (
				DC25421525C8B35D0059AF0B /* helloworldappTests.swift */,
				DC25421725C8B35D0059AF0B /* Info.plist */,
			);
			path = helloworldappTests;
			sourceTree = "<group>";
		};
		DC25421F25C8B35D0059AF0B /* helloworldappUITests */ = {
			isa = PBXGroup;
			children = (
				DC25422025C8B35D0059AF0B /* helloworldappUITests.swift */,
				DC25422225C8B35D0059AF0B /* Info.plist */,
			);
			path = helloworldappUITests;
			sourceTree = "<group>";
		};
/* End PBXGroup section */

/* Begin PBXNativeTarget section */
		DC2541FF25C8B35B0059AF0B /* helloworldapp */ = {
			isa = PBXNativeTarget;
			buildConfigurationList = DC25422525C8B35D0059AF0B /* Build configuration list for PBXNativeTarget "helloworldapp" */;
			buildPhases = (
				DC2541FC25C8B35B0059AF0B /* Sources */,
				DC2541FD25C8B35B0059AF0B /* Frameworks */,
				DC2541FE25C8B35B0059AF0B /* Resources */,
			);
			buildRules = (
			);
			dependencies = (
			);
			name = helloworldapp;
			productName = helloworldapp;
			productReference = DC25420025C8B35B0059AF0B /* helloworldapp.app */;
			productType = "com.apple.product-type.application";
		};
		DC25421025C8B35D0059AF0B /* helloworldappTests */ = {
			isa = PBXNativeTarget;
			buildConfigurationList = DC25422825C8B35D0059AF0B /* Build configuration list for PBXNativeTarget "helloworldappTests" */;
			buildPhases = (
				DC25420D25C8B35D0059AF0B /* Sources */,
				DC25420E25C8B35D0059AF0B /* Frameworks */,
				DC25420F25C8B35D0059AF0B /* Resources */,
			);
			buildRules = (
			);
			dependencies = (
				DC25421325C8B35D0059AF0B /* PBXTargetDependency */,
			);
			name = helloworldappTests;
			productName = helloworldappTests;
			productReference = DC25421125C8B35D0059AF0B /* helloworldappTests.xctest */;
			productType = "com.apple.product-type.bundle.unit-test";
		};
		DC25421B25C8B35D0059AF0B /* helloworldappUITests */ = {
			isa = PBXNativeTarget;
			buildConfigurationList = DC25422B25C8B35D0059AF0B /* Build configuration list for PBXNativeTarget "helloworldappUITests" */;
			buildPhases = (
				DC25421825C8B35D0059AF0B /* Sources */,
				DC25421925C8B35D0059AF0B /* Frameworks */,
				DC25421A25C8B35D0059AF0B /* Resources */,
			);
			buildRules = (
			);
			dependencies = (
				DC25421E25C8B35D0059AF0B /* PBXTargetDependency */,
			);
			name = helloworldappUITests;
			productName = helloworldappUITests;
			productReference = DC25421C25C8B35D0059AF0B /* helloworldappUITests.xctest */;
			productType = "com.apple.product-type.bundle.ui-testing";
		};
/* End PBXNativeTarget section */

/* Begin PBXProject section */
		DC2541F825C8B35B0059AF0B /* Project object */ = {
			isa = PBXProject;
			attributes = {
				LastSwiftUpdateCheck = 1240;
				LastUpgradeCheck = 1240;
				TargetAttributes = {
					DC2541FF25C8B35B0059AF0B = {
						CreatedOnToolsVersion = 12.4;
					};
					DC25421025C8B35D0059AF0B = {
						CreatedOnToolsVersion = 12.4;
						TestTargetID = DC2541FF25C8B35B0059AF0B;
					};
					DC25421B25C8B35D0059AF0B = {
						CreatedOnToolsVersion = 12.4;
						TestTargetID = DC2541FF25C8B35B0059AF0B;
					};
				};
			};
			buildConfigurationList = DC2541FB25C8B35B0059AF0B /* Build configuration list for PBXProject "helloworldapp" */;
			compatibilityVersion = "Xcode 9.3";
			developmentRegion = en;
			hasScannedForEncodings = 0;
			knownRegions = (
				en,
				Base,
			);
			mainGroup = DC2541F725C8B35B0059AF0B;
			productRefGroup = DC25420125C8B35B0059AF0B /* Products */;
			projectDirPath = "";
			projectRoot = "";
			targets = (
				DC2541FF25C8B35B0059AF0B /* helloworldapp */,
				DC25421025C8B35D0059AF0B /* helloworldappTests */,
				DC25421B25C8B35D0059AF0B /* helloworldappUITests */,
			);
		};
/* End PBXProject section */

/* Begin PBXResourcesBuildPhase section */
		DC2541FE25C8B35B0059AF0B /* Resources */ = {
			isa = PBXResourcesBuildPhase;
			buildActionMask = 2147483647;
			files = (
				DC25420B25C8B35D0059AF0B /* Preview Assets.xcassets in Resources */,
				DC25420825C8B35D0059AF0B /* Assets.xcassets in Resources */,
			);
			runOnlyForDeploymentPostprocessing = 0;
		};
		DC25420F25C8B35D0059AF0B /* Resources */ = {
			isa = PBXResourcesBuildPhase;
			buildActionMask = 2147483647;
			files = (
			);
			runOnlyForDeploymentPostprocessing = 0;
		};
		DC25421A25C8B35D0059AF0B /* Resources */ = {
			isa = PBXResourcesBuildPhase;
			buildActionMask = 2147483647;
			files = (
			);
			runOnlyForDeploymentPostprocessing = 0;
		};
/* End PBXResourcesBuildPhase section */

/* Begin PBXSourcesBuildPhase section */
		DC2541FC25C8B35B0059AF0B /* Sources */ = {
			isa = PBXSourcesBuildPhase;
			buildActionMask = 2147483647;
			files = (
				DC25420625C8B35B0059AF0B /* ContentView.swift in Sources */,
				DC25420425C8B35B0059AF0B /* helloworldappApp.swift in Sources */,
			);
			runOnlyForDeploymentPostprocessing = 0;
		};
		DC25420D25C8B35D0059AF0B /* Sources */ = {
			isa = PBXSourcesBuildPhase;
			buildActionMask = 2147483647;
			files = (
				DC25421625C8B35D0059AF0B /* helloworldappTests.swift in Sources */,
			);
			runOnlyForDeploymentPostprocessing = 0;
		};
		DC25421825C8B35D0059AF0B /* Sources */ = {
			isa = PBXSourcesBuildPhase;
			buildActionMask = 2147483647;
			files = (
				DC25422125C8B35D0059AF0B /* helloworldappUITests.swift in Sources */,
			);
			runOnlyForDeploymentPostprocessing = 0;
		};
/* End PBXSourcesBuildPhase section */

/* Begin PBXTargetDependency section */
		DC25421325C8B35D0059AF0B /* PBXTargetDependency */ = {
			isa = PBXTargetDependency;
			target = DC2541FF25C8B35B0059AF0B /* helloworldapp */;
			targetProxy = DC25421225C8B35D0059AF0B /* PBXContainerItemProxy */;
		};
		DC25421E25C8B35D0059AF0B /* PBXTargetDependency */ = {
			isa = PBXTargetDependency;
			target = DC2541FF25C8B35B0059AF0B /* helloworldapp */;
			targetProxy = DC25421D25C8B35D0059AF0B /* PBXContainerItemProxy */;
		};
/* End PBXTargetDependency section */

/* Begin XCBuildConfiguration section */
		DC25422325C8B35D0059AF0B /* Debug */ = {
			isa = XCBuildConfiguration;
			buildSettings = {
				ALWAYS_SEARCH_USER_PATHS = NO;
				CLANG_ANALYZER_NONNULL = YES;
				CLANG_ANALYZER_NUMBER_OBJECT_CONVERSION = YES_AGGRESSIVE;
				CLANG_CXX_LANGUAGE_STANDARD = "gnu++14";
				CLANG_CXX_LIBRARY = "libc++";
				CLANG_ENABLE_MODULES = YES;
				CLANG_ENABLE_OBJC_ARC = YES;
				CLANG_ENABLE_OBJC_WEAK = YES;
				CLANG_WARN_BLOCK_CAPTURE_AUTORELEASING = YES;
				CLANG_WARN_BOOL_CONVERSION = YES;
				CLANG_WARN_COMMA = YES;
				CLANG_WARN_CONSTANT_CONVERSION = YES;
				CLANG_WARN_DEPRECATED_OBJC_IMPLEMENTATIONS = YES;
				CLANG_WARN_DIRECT_OBJC_ISA_USAGE = YES_ERROR;
				CLANG_WARN_DOCUMENTATION_COMMENTS = YES;
				CLANG_WARN_EMPTY_BODY = YES;
				CLANG_WARN_ENUM_CONVERSION = YES;
				CLANG_WARN_INFINITE_RECURSION = YES;
				CLANG_WARN_INT_CONVERSION = YES;
				CLANG_WARN_NON_LITERAL_NULL_CONVERSION = YES;
				CLANG_WARN_OBJC_IMPLICIT_RETAIN_SELF = YES;
				CLANG_WARN_OBJC_LITERAL_CONVERSION = YES;
				CLANG_WARN_OBJC_ROOT_CLASS = YES_ERROR;
				CLANG_WARN_QUOTED_INCLUDE_IN_FRAMEWORK_HEADER = YES;
				CLANG_WARN_RANGE_LOOP_ANALYSIS = YES;
				CLANG_WARN_STRICT_PROTOTYPES = YES;
				CLANG_WARN_SUSPICIOUS_MOVE = YES;
				CLANG_WARN_UNGUARDED_AVAILABILITY = YES_AGGRESSIVE;
				CLANG_WARN_UNREACHABLE_CODE = YES;
				CLANG_WARN__DUPLICATE_METHOD_MATCH = YES;
				COPY_PHASE_STRIP = NO;
				DEBUG_INFORMATION_FORMAT = dwarf;
				ENABLE_STRICT_OBJC_MSGSEND = YES;
				ENABLE_TESTABILITY = YES;
				GCC_C_LANGUAGE_STANDARD = gnu11;
				GCC_DYNAMIC_NO_PIC = NO;
				GCC_NO_COMMON_BLOCKS = YES;
				GCC_OPTIMIZATION_LEVEL = 0;
				GCC_PREPROCESSOR_DEFINITIONS = (
					"DEBUG=1",
					"$(inherited)",
				);
				GCC_WARN_64_TO_32_BIT_CONVERSION = YES;
				GCC_WARN_ABOUT_RETURN_TYPE = YES_ERROR;
				GCC_WARN_UNDECLARED_SELECTOR = YES;
				GCC_WARN_UNINITIALIZED_AUTOS = YES_AGGRESSIVE;
				GCC_WARN_UNUSED_FUNCTION = YES;
				GCC_WARN_UNUSED_VARIABLE = YES;
				IPHONEOS_DEPLOYMENT_TARGET = 14.4;
				MTL_ENABLE_DEBUG_INFO = INCLUDE_SOURCE;
				MTL_FAST_MATH = YES;
				ONLY_ACTIVE_ARCH = YES;
				SDKROOT = iphoneos;
				SWIFT_ACTIVE_COMPILATION_CONDITIONS = DEBUG;
				SWIFT_OPTIMIZATION_LEVEL = "-Onone";
			};
			name = Debug;
		};
		DC25422425C8B35D0059AF0B /* Release */ = {
			isa = XCBuildConfiguration;
			buildSettings = {
				ALWAYS_SEARCH_USER_PATHS = NO;
				CLANG_ANALYZER_NONNULL = YES;
				CLANG_ANALYZER_NUMBER_OBJECT_CONVERSION = YES_AGGRESSIVE;
				CLANG_CXX_LANGUAGE_STANDARD = "gnu++14";
				CLANG_CXX_LIBRARY = "libc++";
				CLANG_ENABLE_MODULES = YES;
				CLANG_ENABLE_OBJC_ARC = YES;
				CLANG_ENABLE_OBJC_WEAK = YES;
				CLANG_WARN_BLOCK_CAPTURE_AUTORELEASING = YES;
				CLANG_WARN_BOOL_CONVERSION = YES;
				CLANG_WARN_COMMA = YES;
				CLANG_WARN_CONSTANT_CONVERSION = YES;
				CLANG_WARN_DEPRECATED_OBJC_IMPLEMENTATIONS = YES;
				CLANG_WARN_DIRECT_OBJC_ISA_USAGE = YES_ERROR;
				CLANG_WARN_DOCUMENTATION_COMMENTS = YES;
				CLANG_WARN_EMPTY_BODY = YES;
				CLANG_WARN_ENUM_CONVERSION = YES;
				CLANG_WARN_INFINITE_RECURSION = YES;
				CLANG_WARN_INT_CONVERSION = YES;
				CLANG_WARN_NON_LITERAL_NULL_CONVERSION = YES;
				CLANG_WARN_OBJC_IMPLICIT_RETAIN_SELF = YES;
				CLANG_WARN_OBJC_LITERAL_CONVERSION = YES;
				CLANG_WARN_OBJC_ROOT_CLASS = YES_ERROR;
				CLANG_WARN_QUOTED_INCLUDE_IN_FRAMEWORK_HEADER = YES;
				CLANG_WARN_RANGE_LOOP_ANALYSIS = YES;
				CLANG_WARN_STRICT_PROTOTYPES = YES;
				CLANG_WARN_SUSPICIOUS_MOVE = YES;
				CLANG_WARN_UNGUARDED_AVAILABILITY = YES_AGGRESSIVE;
				CLANG_WARN_UNREACHABLE_CODE = YES;
				CLANG_WARN__DUPLICATE_METHOD_MATCH = YES;
				COPY_PHASE_STRIP = NO;
				DEBUG_INFORMATION_FORMAT = "dwarf-with-dsym";
				ENABLE_NS_ASSERTIONS = NO;
				ENABLE_STRICT_OBJC_MSGSEND = YES;
				GCC_C_LANGUAGE_STANDARD = gnu11;
				GCC_NO_COMMON_BLOCKS = YES;
				GCC_WARN_64_TO_32_BIT_CONVERSION = YES;
				GCC_WARN_ABOUT_RETURN_TYPE = YES_ERROR;
				GCC_WARN_UNDECLARED_SELECTOR = YES;
				GCC_WARN_UNINITIALIZED_AUTOS = YES_AGGRESSIVE;
				GCC_WARN_UNUSED_FUNCTION = YES;
				GCC_WARN_UNUSED_VARIABLE = YES;
				IPHONEOS_DEPLOYMENT_TARGET = 14.4;
				MTL_ENABLE_DEBUG_INFO = NO;
				MTL_FAST_MATH = YES;
				SDKROOT = iphoneos;
				SWIFT_COMPILATION_MODE = wholemodule;
				SWIFT_OPTIMIZATION_LEVEL = "-O";
				VALIDATE_PRODUCT = YES;
			};
			name = Release;
		};
		DC25422625C8B35D0059AF0B /* Debug */ = {
			isa = XCBuildConfiguration;
			buildSettings = {
				ASSETCATALOG_COMPILER_APPICON_NAME = AppIcon;
				ASSETCATALOG_COMPILER_GLOBAL_ACCENT_COLOR_NAME = AccentColor;
				CODE_SIGN_STYLE = Automatic;
				DEVELOPMENT_ASSET_PATHS = "\"helloworldapp/Preview Content\"";
				DEVELOPMENT_TEAM = AP48K2295P;
				ENABLE_PREVIEWS = YES;
				INFOPLIST_FILE = helloworldapp/Info.plist;
				IPHONEOS_DEPLOYMENT_TARGET = 14.0;
				LD_RUNPATH_SEARCH_PATHS = (
					"$(inherited)",
					"@executable_path/Frameworks",
				);
				PRODUCT_BUNDLE_IDENTIFIER = com.westcarygroup.helloworldapp;
				PRODUCT_NAME = "$(TARGET_NAME)";
				SWIFT_VERSION = 5.0;
				TARGETED_DEVICE_FAMILY = "1,2";
			};
			name = Debug;
		};
		DC25422725C8B35D0059AF0B /* Release */ = {
			isa = XCBuildConfiguration;
			buildSettings = {
				ASSETCATALOG_COMPILER_APPICON_NAME = AppIcon;
				ASSETCATALOG_COMPILER_GLOBAL_ACCENT_COLOR_NAME = AccentColor;
				CODE_SIGN_STYLE = Automatic;
				DEVELOPMENT_ASSET_PATHS = "\"helloworldapp/Preview Content\"";
				DEVELOPMENT_TEAM = AP48K2295P;
				ENABLE_PREVIEWS = YES;
				INFOPLIST_FILE = helloworldapp/Info.plist;
				IPHONEOS_DEPLOYMENT_TARGET = 14.0;
				LD_RUNPATH_SEARCH_PATHS = (
					"$(inherited)",
					"@executable_path/Frameworks",
				);
				PRODUCT_BUNDLE_IDENTIFIER = com.westcarygroup.helloworldapp;
				PRODUCT_NAME = "$(TARGET_NAME)";
				SWIFT_VERSION = 5.0;
				TARGETED_DEVICE_FAMILY = "1,2";
			};
			name = Release;
		};
		DC25422925C8B35D0059AF0B /* Debug */ = {
			isa = XCBuildConfiguration;
			buildSettings = {
				ALWAYS_EMBED_SWIFT_STANDARD_LIBRARIES = YES;
				BUNDLE_LOADER = "$(TEST_HOST)";
				CODE_SIGN_STYLE = Automatic;
				DEVELOPMENT_TEAM = AP48K2295P;
				INFOPLIST_FILE = helloworldappTests/Info.plist;
				IPHONEOS_DEPLOYMENT_TARGET = 14.0;
				LD_RUNPATH_SEARCH_PATHS = (
					"$(inherited)",
					"@executable_path/Frameworks",
					"@loader_path/Frameworks",
				);
				PRODUCT_BUNDLE_IDENTIFIER = com.westcarygroup.helloworldappTests;
				PRODUCT_NAME = "$(TARGET_NAME)";
				SWIFT_VERSION = 5.0;
				TARGETED_DEVICE_FAMILY = "1,2";
				TEST_HOST = "$(BUILT_PRODUCTS_DIR)/helloworldapp.app/helloworldapp";
			};
			name = Debug;
		};
		DC25422A25C8B35D0059AF0B /* Release */ = {
			isa = XCBuildConfiguration;
			buildSettings = {
				ALWAYS_EMBED_SWIFT_STANDARD_LIBRARIES = YES;
				BUNDLE_LOADER = "$(TEST_HOST)";
				CODE_SIGN_STYLE = Automatic;
				DEVELOPMENT_TEAM = AP48K2295P;
				INFOPLIST_FILE = helloworldappTests/Info.plist;
				IPHONEOS_DEPLOYMENT_TARGET = 14.0;
				LD_RUNPATH_SEARCH_PATHS = (
					"$(inherited)",
					"@executable_path/Frameworks",
					"@loader_path/Frameworks",
				);
				PRODUCT_BUNDLE_IDENTIFIER = com.westcarygroup.helloworldappTests;
				PRODUCT_NAME = "$(TARGET_NAME)";
				SWIFT_VERSION = 5.0;
				TARGETED_DEVICE_FAMILY = "1,2";
				TEST_HOST = "$(BUILT_PRODUCTS_DIR)/helloworldapp.app/helloworldapp";
			};
			name = Release;
		};
		DC25422C25C8B35D0059AF0B /* Debug */ = {
			isa = XCBuildConfiguration;
			buildSettings = {
				ALWAYS_EMBED_SWIFT_STANDARD_LIBRARIES = YES;
				CODE_SIGN_STYLE = Automatic;
				DEVELOPMENT_TEAM = AP48K2295P;
				INFOPLIST_FILE = helloworldappUITests/Info.plist;
				LD_RUNPATH_SEARCH_PATHS = (
					"$(inherited)",
					"@executable_path/Frameworks",
					"@loader_path/Frameworks",
				);
				PRODUCT_BUNDLE_IDENTIFIER = com.westcarygroup.helloworldappUITests;
				PRODUCT_NAME = "$(TARGET_NAME)";
				SWIFT_VERSION = 5.0;
				TARGETED_DEVICE_FAMILY = "1,2";
				TEST_TARGET_NAME = helloworldapp;
			};
			name = Debug;
		};
		DC25422D25C8B35D0059AF0B /* Release */ = {
			isa = XCBuildConfiguration;
			buildSettings = {
				ALWAYS_EMBED_SWIFT_STANDARD_LIBRARIES = YES;
				CODE_SIGN_STYLE = Automatic;
				DEVELOPMENT_TEAM = AP48K2295P;
				INFOPLIST_FILE = helloworldappUITests/Info.plist;
				LD_RUNPATH_SEARCH_PATHS = (
					"$(inherited)",
					"@executable_path/Frameworks",
					"@loader_path/Frameworks",
				);
				PRODUCT_BUNDLE_IDENTIFIER = com.westcarygroup.helloworldappUITests;
				PRODUCT_NAME = "$(TARGET_NAME)";
				SWIFT_VERSION = 5.0;
				TARGETED_DEVICE_FAMILY = "1,2";
				TEST_TARGET_NAME = helloworldapp;
			};
			name = Release;
		};
/* End XCBuildConfiguration section */

/* Begin XCConfigurationList section */
		DC2541FB25C8B35B0059AF0B /* Build configuration list for PBXProject "helloworldapp" */ = {
			isa = XCConfigurationList;
			buildConfigurations = (
				DC25422325C8B35D0059AF0B /* Debug */,
				DC25422425C8B35D0059AF0B /* Release */,
			);
			defaultConfigurationIsVisible = 0;
			defaultConfigurationName = Release;
		};
		DC25422525C8B35D0059AF0B /* Build configuration list for PBXNativeTarget "helloworldapp" */ = {
			isa = XCConfigurationList;
			buildConfigurations = (
				DC25422625C8B35D0059AF0B /* Debug */,
				DC25422725C8B35D0059AF0B /* Release */,
			);
			defaultConfigurationIsVisible = 0;
			defaultConfigurationName = Release;
		};
		DC25422825C8B35D0059AF0B /* Build configuration list for PBXNativeTarget "helloworldappTests" */ = {
			isa = XCConfigurationList;
			buildConfigurations = (
				DC25422925C8B35D0059AF0B /* Debug */,
				DC25422A25C8B35D0059AF0B /* Release */,
			);
			defaultConfigurationIsVisible = 0;
			defaultConfigurationName = Release;
		};
		DC25422B25C8B35D0059AF0B /* Build configuration list for PBXNativeTarget "helloworldappUITests" */ = {
			isa = XCConfigurationList;
			buildConfigurations = (
				DC25422C25C8B35D0059AF0B /* Debug */,
				DC25422D25C8B35D0059AF0B /* Release */,
			);
			defaultConfigurationIsVisible = 0;
			defaultConfigurationName = Release;
		};
/* End XCConfigurationList section */
	};
	rootObject = DC2541F825C8B35B0059AF0B /* Project object */;
}
